
Microsoft Visual Studio Solution File, Format Version 12.00
# Visual Studio Version 16
VisualStudioVersion = 16.0.31205.134
MinimumVisualStudioVersion = 10.0.40219.1
Project("{FAE04EC0-301F-11D3-BF4B-00C04F79EFBC}") = "MarkomPos.Web", "MarkomPos.Web\MarkomPos.Web.csproj", "{6120ECEE-3300-4169-A214-AB86327FFF44}"
EndProject
Project("{FAE04EC0-301F-11D3-BF4B-00C04F79EFBC}") = "MarkomPos.Model", "..\MarkomPos.Model\MarkomPos.Model.csproj", "{992614B3-8D45-46D0-8B4E-AD6BF24D0E95}"
EndProject
Project("{FAE04EC0-301F-11D3-BF4B-00C04F79EFBC}") = "MarkomPos.Repository", "..\MarkomPos.Repository\MarkomPos.Repository.csproj", "{167C2FC2-3BC6-4BE8-87FA-9745237C2D68}"
EndProject
Global
	GlobalSection(SolutionConfigurationPlatforms) = preSolution
		Debug|Any CPU = Debug|Any CPU
		Release|Any CPU = Release|Any CPU
	EndGlobalSection
	GlobalSection(ProjectConfigurationPlatforms) = postSolution
		{6120ECEE-3300-4169-A214-AB86327FFF44}.Debug|Any CPU.ActiveCfg = Debug|Any CPU
		{6120ECEE-3300-4169-A214-AB86327FFF44}.Debug|Any CPU.Build.0 = Debug|Any CPU
		{6120ECEE-3300-4169-A214-AB86327FFF44}.Release|Any CPU.ActiveCfg = Release|Any CPU
		{6120ECEE-3300-4169-A214-AB86327FFF44}.Release|Any CPU.Build.0 = Release|Any CPU
		{992614B3-8D45-46D0-8B4E-AD6BF24D0E95}.Debug|Any CPU.ActiveCfg = Debug|Any CPU
		{992614B3-8D45-46D0-8B4E-AD6BF24D0E95}.Debug|Any CPU.Build.0 = Debug|Any CPU
		{992614B3-8D45-46D0-8B4E-AD6BF24D0E95}.Release|Any CPU.ActiveCfg = Release|Any CPU
		{992614B3-8D45-46D0-8B4E-AD6BF24D0E95}.Release|Any CPU.Build.0 = Release|Any CPU
		{167C2FC2-3BC6-4BE8-87FA-9745237C2D68}.Debug|Any CPU.ActiveCfg = Debug|Any CPU
		{167C2FC2-3BC6-4BE8-87FA-9745237C2D68}.Debug|Any CPU.Build.0 = Debug|Any CPU
		{167C2FC2-3BC6-4BE8-87FA-9745237C2D68}.Release|Any CPU.ActiveCfg = Release|Any CPU
		{167C2FC2-3BC6-4BE8-87FA-9745237C2D68}.Release|Any CPU.Build.0 = Release|Any CPU
	EndGlobalSection
	GlobalSection(SolutionProperties) = preSolution
		HideSolutionNode = FALSE
	EndGlobalSection
	GlobalSection(ExtensibilityGlobals) = postSolution
		SolutionGuid = {19E9178F-C4BA-45D2-8D6F-4A2662B410D0}
	EndGlobalSection
EndGlobal
